
Microsoft Visual Studio Solution File, Format Version 12.00
# Visual Studio Version 17
VisualStudioVersion = 17.0.31912.275
MinimumVisualStudioVersion = 10.0.40219.1
Project("{FAE04EC0-301F-11D3-BF4B-00C04F79EFBC}") = "0106HotelApp", "0106HotelApp\0106HotelApp.csproj", "{A1AF8B75-0378-4655-BDC4-5183DB9F0EB0}"
EndProject
Global
	GlobalSection(SolutionConfigurationPlatforms) = preSolution
		Debug|Any CPU = Debug|Any CPU
		Release|Any CPU = Release|Any CPU
	EndGlobalSection
	GlobalSection(ProjectConfigurationPlatforms) = postSolution
		{A1AF8B75-0378-4655-BDC4-5183DB9F0EB0}.Debug|Any CPU.ActiveCfg = Debug|Any CPU
		{A1AF8B75-0378-4655-BDC4-5183DB9F0EB0}.Debug|Any CPU.Build.0 = Debug|Any CPU
		{A1AF8B75-0378-4655-BDC4-5183DB9F0EB0}.Release|Any CPU.ActiveCfg = Release|Any CPU
		{A1AF8B75-0378-4655-BDC4-5183DB9F0EB0}.Release|Any CPU.Build.0 = Release|Any CPU
	EndGlobalSection
	GlobalSection(SolutionProperties) = preSolution
		HideSolutionNode = FALSE
	EndGlobalSection
	GlobalSection(ExtensibilityGlobals) = postSolution
		SolutionGuid = {D815AC28-C955-41B2-AF09-F1A82B21FC3F}
	EndGlobalSection
EndGlobal
