
Microsoft Visual Studio Solution File, Format Version 12.00
# Visual Studio Version 17
VisualStudioVersion = 17.0.31912.275
MinimumVisualStudioVersion = 10.0.40219.1
Project("{FAE04EC0-301F-11D3-BF4B-00C04F79EFBC}") = "1228RegistrationApp", "1228RegistrationApp\1228RegistrationApp.csproj", "{02AD9A0E-33E9-4B7B-A6DB-01746DC9FF95}"
EndProject
Global
	GlobalSection(SolutionConfigurationPlatforms) = preSolution
		Debug|Any CPU = Debug|Any CPU
		Release|Any CPU = Release|Any CPU
	EndGlobalSection
	GlobalSection(ProjectConfigurationPlatforms) = postSolution
		{02AD9A0E-33E9-4B7B-A6DB-01746DC9FF95}.Debug|Any CPU.ActiveCfg = Debug|Any CPU
		{02AD9A0E-33E9-4B7B-A6DB-01746DC9FF95}.Debug|Any CPU.Build.0 = Debug|Any CPU
		{02AD9A0E-33E9-4B7B-A6DB-01746DC9FF95}.Release|Any CPU.ActiveCfg = Release|Any CPU
		{02AD9A0E-33E9-4B7B-A6DB-01746DC9FF95}.Release|Any CPU.Build.0 = Release|Any CPU
	EndGlobalSection
	GlobalSection(SolutionProperties) = preSolution
		HideSolutionNode = FALSE
	EndGlobalSection
	GlobalSection(ExtensibilityGlobals) = postSolution
		SolutionGuid = {2EA4E350-59A6-48D1-B672-8EC70DAAF75F}
	EndGlobalSection
EndGlobal
