
Microsoft Visual Studio Solution File, Format Version 12.00
# Visual Studio Version 17
VisualStudioVersion = 17.0.31912.275
MinimumVisualStudioVersion = 10.0.40219.1
Project("{FAE04EC0-301F-11D3-BF4B-00C04F79EFBC}") = "1214MechanicsApp", "1214MechanicsApp\1214MechanicsApp.csproj", "{600A52A1-266F-4B04-8708-91AE82146B39}"
EndProject
Global
	GlobalSection(SolutionConfigurationPlatforms) = preSolution
		Debug|Any CPU = Debug|Any CPU
		Release|Any CPU = Release|Any CPU
	EndGlobalSection
	GlobalSection(ProjectConfigurationPlatforms) = postSolution
		{600A52A1-266F-4B04-8708-91AE82146B39}.Debug|Any CPU.ActiveCfg = Debug|Any CPU
		{600A52A1-266F-4B04-8708-91AE82146B39}.Debug|Any CPU.Build.0 = Debug|Any CPU
		{600A52A1-266F-4B04-8708-91AE82146B39}.Release|Any CPU.ActiveCfg = Release|Any CPU
		{600A52A1-266F-4B04-8708-91AE82146B39}.Release|Any CPU.Build.0 = Release|Any CPU
	EndGlobalSection
	GlobalSection(SolutionProperties) = preSolution
		HideSolutionNode = FALSE
	EndGlobalSection
	GlobalSection(ExtensibilityGlobals) = postSolution
		SolutionGuid = {2D14A0DC-790C-4368-B363-C6FAB28CA4DD}
	EndGlobalSection
EndGlobal
