
Microsoft Visual Studio Solution File, Format Version 12.00
# Visual Studio Version 17
VisualStudioVersion = 17.0.31912.275
MinimumVisualStudioVersion = 10.0.40219.1
Project("{FAE04EC0-301F-11D3-BF4B-00C04F79EFBC}") = "1213ZooApp2", "1213ZooApp2\1213ZooApp2.csproj", "{58DFCBB6-CC72-4DA8-A023-39256508BC57}"
EndProject
Global
	GlobalSection(SolutionConfigurationPlatforms) = preSolution
		Debug|Any CPU = Debug|Any CPU
		Release|Any CPU = Release|Any CPU
	EndGlobalSection
	GlobalSection(ProjectConfigurationPlatforms) = postSolution
		{58DFCBB6-CC72-4DA8-A023-39256508BC57}.Debug|Any CPU.ActiveCfg = Debug|Any CPU
		{58DFCBB6-CC72-4DA8-A023-39256508BC57}.Debug|Any CPU.Build.0 = Debug|Any CPU
		{58DFCBB6-CC72-4DA8-A023-39256508BC57}.Release|Any CPU.ActiveCfg = Release|Any CPU
		{58DFCBB6-CC72-4DA8-A023-39256508BC57}.Release|Any CPU.Build.0 = Release|Any CPU
	EndGlobalSection
	GlobalSection(SolutionProperties) = preSolution
		HideSolutionNode = FALSE
	EndGlobalSection
	GlobalSection(ExtensibilityGlobals) = postSolution
		SolutionGuid = {64E99260-EEBF-4FBA-8EEE-F1966D0069AB}
	EndGlobalSection
EndGlobal
