
Microsoft Visual Studio Solution File, Format Version 12.00
# Visual Studio Version 17
VisualStudioVersion = 17.0.31912.275
MinimumVisualStudioVersion = 10.0.40219.1
Project("{FAE04EC0-301F-11D3-BF4B-00C04F79EFBC}") = "1207WebApp", "1207WebApp\1207WebApp.csproj", "{96FD89CD-FD30-4F40-BA82-AF05D1ABA301}"
EndProject
Global
	GlobalSection(SolutionConfigurationPlatforms) = preSolution
		Debug|Any CPU = Debug|Any CPU
		Release|Any CPU = Release|Any CPU
	EndGlobalSection
	GlobalSection(ProjectConfigurationPlatforms) = postSolution
		{96FD89CD-FD30-4F40-BA82-AF05D1ABA301}.Debug|Any CPU.ActiveCfg = Debug|Any CPU
		{96FD89CD-FD30-4F40-BA82-AF05D1ABA301}.Debug|Any CPU.Build.0 = Debug|Any CPU
		{96FD89CD-FD30-4F40-BA82-AF05D1ABA301}.Release|Any CPU.ActiveCfg = Release|Any CPU
		{96FD89CD-FD30-4F40-BA82-AF05D1ABA301}.Release|Any CPU.Build.0 = Release|Any CPU
	EndGlobalSection
	GlobalSection(SolutionProperties) = preSolution
		HideSolutionNode = FALSE
	EndGlobalSection
	GlobalSection(ExtensibilityGlobals) = postSolution
		SolutionGuid = {7FD61796-31A6-454D-BDA8-438E534D4A81}
	EndGlobalSection
EndGlobal
